
Microsoft Visual Studio Solution File, Format Version 12.00
# Visual Studio Version 16
VisualStudioVersion = 16.0.31702.278
MinimumVisualStudioVersion = 10.0.40219.1
Project("{FAE04EC0-301F-11D3-BF4B-00C04F79EFBC}") = "FileIO", "FileIO\FileIO.csproj", "{B908219A-5857-4AFF-B911-0B33D6505B7A}"
EndProject
Global
	GlobalSection(SolutionConfigurationPlatforms) = preSolution
		Debug|Any CPU = Debug|Any CPU
		Release|Any CPU = Release|Any CPU
	EndGlobalSection
	GlobalSection(ProjectConfigurationPlatforms) = postSolution
		{B908219A-5857-4AFF-B911-0B33D6505B7A}.Debug|Any CPU.ActiveCfg = Debug|Any CPU
		{B908219A-5857-4AFF-B911-0B33D6505B7A}.Debug|Any CPU.Build.0 = Debug|Any CPU
		{B908219A-5857-4AFF-B911-0B33D6505B7A}.Release|Any CPU.ActiveCfg = Release|Any CPU
		{B908219A-5857-4AFF-B911-0B33D6505B7A}.Release|Any CPU.Build.0 = Release|Any CPU
	EndGlobalSection
	GlobalSection(SolutionProperties) = preSolution
		HideSolutionNode = FALSE
	EndGlobalSection
	GlobalSection(ExtensibilityGlobals) = postSolution
		SolutionGuid = {6AD38F17-AFD7-4972-963B-1DF642556F60}
	EndGlobalSection
EndGlobal
