
Microsoft Visual Studio Solution File, Format Version 12.00
# Visual Studio Version 16
VisualStudioVersion = 16.0.31702.278
MinimumVisualStudioVersion = 10.0.40219.1
Project("{FAE04EC0-301F-11D3-BF4B-00C04F79EFBC}") = "ConsoleMon laden", "ConsoleMon laden\ConsoleMon laden.csproj", "{BB11C542-6593-4709-92F1-3CDF0E7C6545}"
EndProject
Global
	GlobalSection(SolutionConfigurationPlatforms) = preSolution
		Debug|Any CPU = Debug|Any CPU
		Release|Any CPU = Release|Any CPU
	EndGlobalSection
	GlobalSection(ProjectConfigurationPlatforms) = postSolution
		{BB11C542-6593-4709-92F1-3CDF0E7C6545}.Debug|Any CPU.ActiveCfg = Debug|Any CPU
		{BB11C542-6593-4709-92F1-3CDF0E7C6545}.Debug|Any CPU.Build.0 = Debug|Any CPU
		{BB11C542-6593-4709-92F1-3CDF0E7C6545}.Release|Any CPU.ActiveCfg = Release|Any CPU
		{BB11C542-6593-4709-92F1-3CDF0E7C6545}.Release|Any CPU.Build.0 = Release|Any CPU
	EndGlobalSection
	GlobalSection(SolutionProperties) = preSolution
		HideSolutionNode = FALSE
	EndGlobalSection
	GlobalSection(ExtensibilityGlobals) = postSolution
		SolutionGuid = {CB192FE6-7B06-4F37-89BE-BEFC19407304}
	EndGlobalSection
EndGlobal
